// !$*UTF8*$!
{
	archiveVersion = 1;
	classes = {
	};
	objectVersion = 56;
	objects = {

/* Begin PBXBuildFile section */
		6917490A2B48690B00AB7123 /* Poppins-Medium.ttf in Resources */ = {isa = PBXBuildFile; fileRef = 691749092B48690B00AB7123 /* Poppins-Medium.ttf */; };
		691749122B486DE000AB7123 /* Main.storyboard in Resources */ = {isa = PBXBuildFile; fileRef = 6917490B2B486DE000AB7123 /* Main.storyboard */; };
		691749132B486DE000AB7123 /* SignupVC.swift in Sources */ = {isa = PBXBuildFile; fileRef = 6917490C2B486DE000AB7123 /* SignupVC.swift */; };
		691749142B486DE000AB7123 /* EntryModel.swift in Sources */ = {isa = PBXBuildFile; fileRef = 6917490D2B486DE000AB7123 /* EntryModel.swift */; };
		691749152B486DE000AB7123 /* SplashVC.swift in Sources */ = {isa = PBXBuildFile; fileRef = 6917490E2B486DE000AB7123 /* SplashVC.swift */; };
		691749162B486DE000AB7123 /* WalkThroughVC.swift in Sources */ = {isa = PBXBuildFile; fileRef = 6917490F2B486DE000AB7123 /* WalkThroughVC.swift */; };
		691749172B486DE000AB7123 /* ParentVC.swift in Sources */ = {isa = PBXBuildFile; fileRef = 691749102B486DE000AB7123 /* ParentVC.swift */; };
		691749182B486DE000AB7123 /* LoginVC.swift in Sources */ = {isa = PBXBuildFile; fileRef = 691749112B486DE000AB7123 /* LoginVC.swift */; };
		6917491F2B4871C900AB7123 /* SocialTVC.swift in Sources */ = {isa = PBXBuildFile; fileRef = 691749192B4871C900AB7123 /* SocialTVC.swift */; };
		691749202B4871C900AB7123 /* ButtonsTVC.xib in Resources */ = {isa = PBXBuildFile; fileRef = 6917491A2B4871C900AB7123 /* ButtonsTVC.xib */; };
		691749212B4871C900AB7123 /* ButtonsTVC.swift in Sources */ = {isa = PBXBuildFile; fileRef = 6917491B2B4871C900AB7123 /* ButtonsTVC.swift */; };
		691749222B4871C900AB7123 /* SocialTVC.xib in Resources */ = {isa = PBXBuildFile; fileRef = 6917491C2B4871C900AB7123 /* SocialTVC.xib */; };
		691749232B4871C900AB7123 /* TextFieldTVC.xib in Resources */ = {isa = PBXBuildFile; fileRef = 6917491D2B4871C900AB7123 /* TextFieldTVC.xib */; };
		691749242B4871C900AB7123 /* TextFieldTVC.swift in Sources */ = {isa = PBXBuildFile; fileRef = 6917491E2B4871C900AB7123 /* TextFieldTVC.swift */; };
		694A1ACD2B49D8E300BC771A /* KPNavigationViewController.swift in Sources */ = {isa = PBXBuildFile; fileRef = 694A1ACC2B49D8E300BC771A /* KPNavigationViewController.swift */; };
		699F3BA02B4DAEF900B23C15 /* CallsListTVC.swift in Sources */ = {isa = PBXBuildFile; fileRef = 699F3B9E2B4DAEF900B23C15 /* CallsListTVC.swift */; };
		699F3BA12B4DAEF900B23C15 /* CallsListTVC.xib in Resources */ = {isa = PBXBuildFile; fileRef = 699F3B9F2B4DAEF900B23C15 /* CallsListTVC.xib */; };
		69AE051D2B471D2100D0C162 /* AppDelegate.swift in Sources */ = {isa = PBXBuildFile; fileRef = 69AE051C2B471D2100D0C162 /* AppDelegate.swift */; };
		69AE051F2B471D2100D0C162 /* SceneDelegate.swift in Sources */ = {isa = PBXBuildFile; fileRef = 69AE051E2B471D2100D0C162 /* SceneDelegate.swift */; };
		69AE05272B471D2100D0C162 /* TextIt.xcdatamodeld in Sources */ = {isa = PBXBuildFile; fileRef = 69AE05252B471D2100D0C162 /* TextIt.xcdatamodeld */; };
		69AE05292B471D2200D0C162 /* Assets.xcassets in Resources */ = {isa = PBXBuildFile; fileRef = 69AE05282B471D2200D0C162 /* Assets.xcassets */; };
		69AE052C2B471D2200D0C162 /* LaunchScreen.storyboard in Resources */ = {isa = PBXBuildFile; fileRef = 69AE052A2B471D2200D0C162 /* LaunchScreen.storyboard */; };
		69B29CF12B49C5F100047791 /* AboutMeTVC.swift in Sources */ = {isa = PBXBuildFile; fileRef = 69B29CF02B49C5F100047791 /* AboutMeTVC.swift */; };
		69B29CF42B49C6F800047791 /* RoundedButton.swift in Sources */ = {isa = PBXBuildFile; fileRef = 69B29CF32B49C6F800047791 /* RoundedButton.swift */; };
		69B29CF62B49D13000047791 /* Poppins-Regular.ttf in Resources */ = {isa = PBXBuildFile; fileRef = 69B29CF52B49D13000047791 /* Poppins-Regular.ttf */; };
		69B29CFA2B49D17600047791 /* Poppins-Black.ttf in Resources */ = {isa = PBXBuildFile; fileRef = 69B29CF72B49D17500047791 /* Poppins-Black.ttf */; };
		69B29CFB2B49D17600047791 /* Poppins-Bold.ttf in Resources */ = {isa = PBXBuildFile; fileRef = 69B29CF82B49D17600047791 /* Poppins-Bold.ttf */; };
		69B29CFC2B49D17600047791 /* Poppins-Light.ttf in Resources */ = {isa = PBXBuildFile; fileRef = 69B29CF92B49D17600047791 /* Poppins-Light.ttf */; };
		69B448D02B4C707D001FE841 /* CallsVC.swift in Sources */ = {isa = PBXBuildFile; fileRef = 69B448CF2B4C707D001FE841 /* CallsVC.swift */; };
		69B448D32B4C71B8001FE841 /* ContactsVC.swift in Sources */ = {isa = PBXBuildFile; fileRef = 69B448D22B4C71B8001FE841 /* ContactsVC.swift */; };
		69B448D62B4C7348001FE841 /* SettingsVC.swift in Sources */ = {isa = PBXBuildFile; fileRef = 69B448D52B4C7348001FE841 /* SettingsVC.swift */; };
		69C19CAB2B4A7AFE00410E42 /* MessagesVC.swift in Sources */ = {isa = PBXBuildFile; fileRef = 69C19CAA2B4A7AFE00410E42 /* MessagesVC.swift */; };
		69C19CAF2B4A8AEC00410E42 /* StoriesCVC.swift in Sources */ = {isa = PBXBuildFile; fileRef = 69C19CAD2B4A8AEC00410E42 /* StoriesCVC.swift */; };
		69C19CB02B4A8AEC00410E42 /* StoriesCVC.xib in Resources */ = {isa = PBXBuildFile; fileRef = 69C19CAE2B4A8AEC00410E42 /* StoriesCVC.xib */; };
		69C19CB22B4A8E5100410E42 /* RoundedImageView.swift in Sources */ = {isa = PBXBuildFile; fileRef = 69C19CB12B4A8E5100410E42 /* RoundedImageView.swift */; };
		69C19CB42B4A8F2800410E42 /* RoundedView.swift in Sources */ = {isa = PBXBuildFile; fileRef = 69C19CB32B4A8F2800410E42 /* RoundedView.swift */; };
		69C836042B47B47C00179FB1 /* KpTabBarVC.swift in Sources */ = {isa = PBXBuildFile; fileRef = 69C836032B47B47C00179FB1 /* KpTabBarVC.swift */; };
		69C836062B47B4BC00179FB1 /* TabBarView.xib in Resources */ = {isa = PBXBuildFile; fileRef = 69C836052B47B4BC00179FB1 /* TabBarView.xib */; };
		69C836082B47B4FF00179FB1 /* Constants.swift in Sources */ = {isa = PBXBuildFile; fileRef = 69C836072B47B4FF00179FB1 /* Constants.swift */; };
		69C8360A2B47B51500179FB1 /* Extention UIVIew.swift in Sources */ = {isa = PBXBuildFile; fileRef = 69C836092B47B51500179FB1 /* Extention UIVIew.swift */; };
		69C8360D2B47BAB100179FB1 /* Message.storyboard in Resources */ = {isa = PBXBuildFile; fileRef = 69C8360C2B47BAB100179FB1 /* Message.storyboard */; };
		69C8360F2B47BABA00179FB1 /* Calls.storyboard in Resources */ = {isa = PBXBuildFile; fileRef = 69C8360E2B47BABA00179FB1 /* Calls.storyboard */; };
		69C836112B47BAC800179FB1 /* Contact.storyboard in Resources */ = {isa = PBXBuildFile; fileRef = 69C836102B47BAC800179FB1 /* Contact.storyboard */; };
		69C836132B47BAD000179FB1 /* Settings.storyboard in Resources */ = {isa = PBXBuildFile; fileRef = 69C836122B47BAD000179FB1 /* Settings.storyboard */; };
		69F1C5F12B4AF0F00001AFCF /* MesagesListTVC.swift in Sources */ = {isa = PBXBuildFile; fileRef = 69F1C5EF2B4AF0F00001AFCF /* MesagesListTVC.swift */; };
		69F1C5F22B4AF0F00001AFCF /* MesagesListTVC.xib in Resources */ = {isa = PBXBuildFile; fileRef = 69F1C5F02B4AF0F00001AFCF /* MesagesListTVC.xib */; };
/* End PBXBuildFile section */

/* Begin PBXFileReference section */
		691749092B48690B00AB7123 /* Poppins-Medium.ttf */ = {isa = PBXFileReference; lastKnownFileType = file; path = "Poppins-Medium.ttf"; sourceTree = "<group>"; };
		6917490B2B486DE000AB7123 /* Main.storyboard */ = {isa = PBXFileReference; fileEncoding = 4; lastKnownFileType = file.storyboard; path = Main.storyboard; sourceTree = "<group>"; };
		6917490C2B486DE000AB7123 /* SignupVC.swift */ = {isa = PBXFileReference; fileEncoding = 4; lastKnownFileType = sourcecode.swift; path = SignupVC.swift; sourceTree = "<group>"; };
		6917490D2B486DE000AB7123 /* EntryModel.swift */ = {isa = PBXFileReference; fileEncoding = 4; lastKnownFileType = sourcecode.swift; path = EntryModel.swift; sourceTree = "<group>"; };
		6917490E2B486DE000AB7123 /* SplashVC.swift */ = {isa = PBXFileReference; fileEncoding = 4; lastKnownFileType = sourcecode.swift; path = SplashVC.swift; sourceTree = "<group>"; };
		6917490F2B486DE000AB7123 /* WalkThroughVC.swift */ = {isa = PBXFileReference; fileEncoding = 4; lastKnownFileType = sourcecode.swift; path = WalkThroughVC.swift; sourceTree = "<group>"; };
		691749102B486DE000AB7123 /* ParentVC.swift */ = {isa = PBXFileReference; fileEncoding = 4; lastKnownFileType = sourcecode.swift; path = ParentVC.swift; sourceTree = "<group>"; };
		691749112B486DE000AB7123 /* LoginVC.swift */ = {isa = PBXFileReference; fileEncoding = 4; lastKnownFileType = sourcecode.swift; path = LoginVC.swift; sourceTree = "<group>"; };
		691749192B4871C900AB7123 /* SocialTVC.swift */ = {isa = PBXFileReference; fileEncoding = 4; lastKnownFileType = sourcecode.swift; path = SocialTVC.swift; sourceTree = "<group>"; };
		6917491A2B4871C900AB7123 /* ButtonsTVC.xib */ = {isa = PBXFileReference; fileEncoding = 4; lastKnownFileType = file.xib; path = ButtonsTVC.xib; sourceTree = "<group>"; };
		6917491B2B4871C900AB7123 /* ButtonsTVC.swift */ = {isa = PBXFileReference; fileEncoding = 4; lastKnownFileType = sourcecode.swift; path = ButtonsTVC.swift; sourceTree = "<group>"; };
		6917491C2B4871C900AB7123 /* SocialTVC.xib */ = {isa = PBXFileReference; fileEncoding = 4; lastKnownFileType = file.xib; path = SocialTVC.xib; sourceTree = "<group>"; };
		6917491D2B4871C900AB7123 /* TextFieldTVC.xib */ = {isa = PBXFileReference; fileEncoding = 4; lastKnownFileType = file.xib; path = TextFieldTVC.xib; sourceTree = "<group>"; };
		6917491E2B4871C900AB7123 /* TextFieldTVC.swift */ = {isa = PBXFileReference; fileEncoding = 4; lastKnownFileType = sourcecode.swift; path = TextFieldTVC.swift; sourceTree = "<group>"; };
		694A1ACC2B49D8E300BC771A /* KPNavigationViewController.swift */ = {isa = PBXFileReference; fileEncoding = 4; lastKnownFileType = sourcecode.swift; path = KPNavigationViewController.swift; sourceTree = "<group>"; };
		699F3B9E2B4DAEF900B23C15 /* CallsListTVC.swift */ = {isa = PBXFileReference; lastKnownFileType = sourcecode.swift; path = CallsListTVC.swift; sourceTree = "<group>"; };
		699F3B9F2B4DAEF900B23C15 /* CallsListTVC.xib */ = {isa = PBXFileReference; lastKnownFileType = file.xib; path = CallsListTVC.xib; sourceTree = "<group>"; };
		69AE05192B471D2100D0C162 /* TextIt.app */ = {isa = PBXFileReference; explicitFileType = wrapper.application; includeInIndex = 0; path = TextIt.app; sourceTree = BUILT_PRODUCTS_DIR; };
		69AE051C2B471D2100D0C162 /* AppDelegate.swift */ = {isa = PBXFileReference; lastKnownFileType = sourcecode.swift; path = AppDelegate.swift; sourceTree = "<group>"; };
		69AE051E2B471D2100D0C162 /* SceneDelegate.swift */ = {isa = PBXFileReference; lastKnownFileType = sourcecode.swift; path = SceneDelegate.swift; sourceTree = "<group>"; };
		69AE05262B471D2100D0C162 /* TextIt.xcdatamodel */ = {isa = PBXFileReference; lastKnownFileType = wrapper.xcdatamodel; path = TextIt.xcdatamodel; sourceTree = "<group>"; };
		69AE05282B471D2200D0C162 /* Assets.xcassets */ = {isa = PBXFileReference; lastKnownFileType = folder.assetcatalog; path = Assets.xcassets; sourceTree = "<group>"; };
		69AE052B2B471D2200D0C162 /* Base */ = {isa = PBXFileReference; lastKnownFileType = file.storyboard; name = Base; path = Base.lproj/LaunchScreen.storyboard; sourceTree = "<group>"; };
		69AE052D2B471D2200D0C162 /* Info.plist */ = {isa = PBXFileReference; lastKnownFileType = text.plist.xml; path = Info.plist; sourceTree = "<group>"; };
		69B29CF02B49C5F100047791 /* AboutMeTVC.swift */ = {isa = PBXFileReference; lastKnownFileType = sourcecode.swift; path = AboutMeTVC.swift; sourceTree = "<group>"; };
		69B29CF32B49C6F800047791 /* RoundedButton.swift */ = {isa = PBXFileReference; lastKnownFileType = sourcecode.swift; path = RoundedButton.swift; sourceTree = "<group>"; };
		69B29CF52B49D13000047791 /* Poppins-Regular.ttf */ = {isa = PBXFileReference; lastKnownFileType = file; path = "Poppins-Regular.ttf"; sourceTree = "<group>"; };
		69B29CF72B49D17500047791 /* Poppins-Black.ttf */ = {isa = PBXFileReference; lastKnownFileType = file; path = "Poppins-Black.ttf"; sourceTree = "<group>"; };
		69B29CF82B49D17600047791 /* Poppins-Bold.ttf */ = {isa = PBXFileReference; lastKnownFileType = file; path = "Poppins-Bold.ttf"; sourceTree = "<group>"; };
		69B29CF92B49D17600047791 /* Poppins-Light.ttf */ = {isa = PBXFileReference; lastKnownFileType = file; path = "Poppins-Light.ttf"; sourceTree = "<group>"; };
		69B448CF2B4C707D001FE841 /* CallsVC.swift */ = {isa = PBXFileReference; lastKnownFileType = sourcecode.swift; path = CallsVC.swift; sourceTree = "<group>"; };
		69B448D22B4C71B8001FE841 /* ContactsVC.swift */ = {isa = PBXFileReference; lastKnownFileType = sourcecode.swift; path = ContactsVC.swift; sourceTree = "<group>"; };
		69B448D52B4C7348001FE841 /* SettingsVC.swift */ = {isa = PBXFileReference; lastKnownFileType = sourcecode.swift; path = SettingsVC.swift; sourceTree = "<group>"; };
		69C19CAA2B4A7AFE00410E42 /* MessagesVC.swift */ = {isa = PBXFileReference; lastKnownFileType = sourcecode.swift; path = MessagesVC.swift; sourceTree = "<group>"; };
		69C19CAD2B4A8AEC00410E42 /* StoriesCVC.swift */ = {isa = PBXFileReference; lastKnownFileType = sourcecode.swift; path = StoriesCVC.swift; sourceTree = "<group>"; };
		69C19CAE2B4A8AEC00410E42 /* StoriesCVC.xib */ = {isa = PBXFileReference; lastKnownFileType = file.xib; path = StoriesCVC.xib; sourceTree = "<group>"; };
		69C19CB12B4A8E5100410E42 /* RoundedImageView.swift */ = {isa = PBXFileReference; lastKnownFileType = sourcecode.swift; path = RoundedImageView.swift; sourceTree = "<group>"; };
		69C19CB32B4A8F2800410E42 /* RoundedView.swift */ = {isa = PBXFileReference; lastKnownFileType = sourcecode.swift; path = RoundedView.swift; sourceTree = "<group>"; };
		69C836032B47B47C00179FB1 /* KpTabBarVC.swift */ = {isa = PBXFileReference; fileEncoding = 4; lastKnownFileType = sourcecode.swift; path = KpTabBarVC.swift; sourceTree = "<group>"; };
		69C836052B47B4BC00179FB1 /* TabBarView.xib */ = {isa = PBXFileReference; fileEncoding = 4; lastKnownFileType = file.xib; path = TabBarView.xib; sourceTree = "<group>"; };
		69C836072B47B4FF00179FB1 /* Constants.swift */ = {isa = PBXFileReference; fileEncoding = 4; lastKnownFileType = sourcecode.swift; path = Constants.swift; sourceTree = "<group>"; };
		69C836092B47B51500179FB1 /* Extention UIVIew.swift */ = {isa = PBXFileReference; fileEncoding = 4; lastKnownFileType = sourcecode.swift; path = "Extention UIVIew.swift"; sourceTree = "<group>"; };
		69C8360C2B47BAB100179FB1 /* Message.storyboard */ = {isa = PBXFileReference; lastKnownFileType = file.storyboard; path = Message.storyboard; sourceTree = "<group>"; };
		69C8360E2B47BABA00179FB1 /* Calls.storyboard */ = {isa = PBXFileReference; lastKnownFileType = file.storyboard; path = Calls.storyboard; sourceTree = "<group>"; };
		69C836102B47BAC800179FB1 /* Contact.storyboard */ = {isa = PBXFileReference; lastKnownFileType = file.storyboard; path = Contact.storyboard; sourceTree = "<group>"; };
		69C836122B47BAD000179FB1 /* Settings.storyboard */ = {isa = PBXFileReference; lastKnownFileType = file.storyboard; path = Settings.storyboard; sourceTree = "<group>"; };
		69F1C5EF2B4AF0F00001AFCF /* MesagesListTVC.swift */ = {isa = PBXFileReference; lastKnownFileType = sourcecode.swift; path = MesagesListTVC.swift; sourceTree = "<group>"; };
		69F1C5F02B4AF0F00001AFCF /* MesagesListTVC.xib */ = {isa = PBXFileReference; lastKnownFileType = file.xib; path = MesagesListTVC.xib; sourceTree = "<group>"; };
/* End PBXFileReference section */

/* Begin PBXFrameworksBuildPhase section */
		69AE05162B471D2100D0C162 /* Frameworks */ = {
			isa = PBXFrameworksBuildPhase;
			buildActionMask = 2147483647;
			files = (
			);
			runOnlyForDeploymentPostprocessing = 0;
		};
/* End PBXFrameworksBuildPhase section */

/* Begin PBXGroup section */
		691749252B4871F500AB7123 /* Classes */ = {
			isa = PBXGroup;
			children = (
				691749262B48720000AB7123 /* ParentClasses */,
				691749272B48720A00AB7123 /* ViewControllers */,
			);
			path = Classes;
			sourceTree = "<group>";
		};
		691749262B48720000AB7123 /* ParentClasses */ = {
			isa = PBXGroup;
			children = (
				694A1ACC2B49D8E300BC771A /* KPNavigationViewController.swift */,
				691749102B486DE000AB7123 /* ParentVC.swift */,
				69AE051E2B471D2100D0C162 /* SceneDelegate.swift */,
				69AE051C2B471D2100D0C162 /* AppDelegate.swift */,
			);
			path = ParentClasses;
			sourceTree = "<group>";
		};
		691749272B48720A00AB7123 /* ViewControllers */ = {
			isa = PBXGroup;
			children = (
				69B448D42B4C7338001FE841 /* Settings */,
				69B448D12B4C71A7001FE841 /* Contacts */,
				69B448CE2B4C706B001FE841 /* Calls */,
				69C19CA92B4A7AD700410E42 /* Messages */,
				691749282B48722D00AB7123 /* Entry */,
			);
			path = ViewControllers;
			sourceTree = "<group>";
		};
		691749282B48722D00AB7123 /* Entry */ = {
			isa = PBXGroup;
			children = (
				6917490D2B486DE000AB7123 /* EntryModel.swift */,
				6917490F2B486DE000AB7123 /* WalkThroughVC.swift */,
				6917490E2B486DE000AB7123 /* SplashVC.swift */,
				691749112B486DE000AB7123 /* LoginVC.swift */,
				6917490C2B486DE000AB7123 /* SignupVC.swift */,
				69B29CF02B49C5F100047791 /* AboutMeTVC.swift */,
			);
			path = Entry;
			sourceTree = "<group>";
		};
		699F3B9D2B4DAED700B23C15 /* Calls */ = {
			isa = PBXGroup;
			children = (
				699F3B9E2B4DAEF900B23C15 /* CallsListTVC.swift */,
				699F3B9F2B4DAEF900B23C15 /* CallsListTVC.xib */,
			);
			path = Calls;
			sourceTree = "<group>";
		};
		69AE05102B471D2100D0C162 = {
			isa = PBXGroup;
			children = (
				69AE051B2B471D2100D0C162 /* TextIt */,
				69AE051A2B471D2100D0C162 /* Products */,
			);
			sourceTree = "<group>";
		};
		69AE051A2B471D2100D0C162 /* Products */ = {
			isa = PBXGroup;
			children = (
				69AE05192B471D2100D0C162 /* TextIt.app */,
			);
			name = Products;
			sourceTree = "<group>";
		};
		69AE051B2B471D2100D0C162 /* TextIt */ = {
			isa = PBXGroup;
			children = (
				69C8360B2B47BA1700179FB1 /* StoryBoards */,
				69AE05332B471D3A00D0C162 /* Nibs */,
				691749252B4871F500AB7123 /* Classes */,
				69B29CF22B49C6CB00047791 /* HelperClaases */,
				69B29CF52B49D13000047791 /* Poppins-Regular.ttf */,
				69B29CF72B49D17500047791 /* Poppins-Black.ttf */,
				69B29CF82B49D17600047791 /* Poppins-Bold.ttf */,
				69B29CF92B49D17600047791 /* Poppins-Light.ttf */,
				691749092B48690B00AB7123 /* Poppins-Medium.ttf */,
				69AE05282B471D2200D0C162 /* Assets.xcassets */,
				69AE052A2B471D2200D0C162 /* LaunchScreen.storyboard */,
				69AE052D2B471D2200D0C162 /* Info.plist */,
				69AE05252B471D2100D0C162 /* TextIt.xcdatamodeld */,
			);
			path = TextIt;
			sourceTree = "<group>";
		};
		69AE05332B471D3A00D0C162 /* Nibs */ = {
			isa = PBXGroup;
			children = (
				699F3B9D2B4DAED700B23C15 /* Calls */,
				69C836032B47B47C00179FB1 /* KpTabBarVC.swift */,
				69C836052B47B4BC00179FB1 /* TabBarView.xib */,
				69C19CA82B4A7AB000410E42 /* Entry */,
				69C19CAC2B4A8AC400410E42 /* Messages */,
			);
			path = Nibs;
			sourceTree = "<group>";
		};
		69B29CF22B49C6CB00047791 /* HelperClaases */ = {
			isa = PBXGroup;
			children = (
				69C836092B47B51500179FB1 /* Extention UIVIew.swift */,
				69C836072B47B4FF00179FB1 /* Constants.swift */,
				69B29CF32B49C6F800047791 /* RoundedButton.swift */,
				69C19CB12B4A8E5100410E42 /* RoundedImageView.swift */,
				69C19CB32B4A8F2800410E42 /* RoundedView.swift */,
			);
			path = HelperClaases;
			sourceTree = "<group>";
		};
		69B448CE2B4C706B001FE841 /* Calls */ = {
			isa = PBXGroup;
			children = (
				69B448CF2B4C707D001FE841 /* CallsVC.swift */,
			);
			path = Calls;
			sourceTree = "<group>";
		};
		69B448D12B4C71A7001FE841 /* Contacts */ = {
			isa = PBXGroup;
			children = (
				69B448D22B4C71B8001FE841 /* ContactsVC.swift */,
			);
			path = Contacts;
			sourceTree = "<group>";
		};
		69B448D42B4C7338001FE841 /* Settings */ = {
			isa = PBXGroup;
			children = (
				69B448D52B4C7348001FE841 /* SettingsVC.swift */,
			);
			path = Settings;
			sourceTree = "<group>";
		};
		69C19CA82B4A7AB000410E42 /* Entry */ = {
			isa = PBXGroup;
			children = (
				6917491B2B4871C900AB7123 /* ButtonsTVC.swift */,
				6917491A2B4871C900AB7123 /* ButtonsTVC.xib */,
				691749192B4871C900AB7123 /* SocialTVC.swift */,
				6917491C2B4871C900AB7123 /* SocialTVC.xib */,
				6917491E2B4871C900AB7123 /* TextFieldTVC.swift */,
				6917491D2B4871C900AB7123 /* TextFieldTVC.xib */,
			);
			path = Entry;
			sourceTree = "<group>";
		};
		69C19CA92B4A7AD700410E42 /* Messages */ = {
			isa = PBXGroup;
			children = (
				69C19CAA2B4A7AFE00410E42 /* MessagesVC.swift */,
			);
			path = Messages;
			sourceTree = "<group>";
		};
		69C19CAC2B4A8AC400410E42 /* Messages */ = {
			isa = PBXGroup;
			children = (
				69C19CAD2B4A8AEC00410E42 /* StoriesCVC.swift */,
				69C19CAE2B4A8AEC00410E42 /* StoriesCVC.xib */,
				69F1C5EF2B4AF0F00001AFCF /* MesagesListTVC.swift */,
				69F1C5F02B4AF0F00001AFCF /* MesagesListTVC.xib */,
			);
			path = Messages;
			sourceTree = "<group>";
		};
		69C8360B2B47BA1700179FB1 /* StoryBoards */ = {
			isa = PBXGroup;
			children = (
				6917490B2B486DE000AB7123 /* Main.storyboard */,
				69C8360C2B47BAB100179FB1 /* Message.storyboard */,
				69C8360E2B47BABA00179FB1 /* Calls.storyboard */,
				69C836102B47BAC800179FB1 /* Contact.storyboard */,
				69C836122B47BAD000179FB1 /* Settings.storyboard */,
			);
			path = StoryBoards;
			sourceTree = "<group>";
		};
/* End PBXGroup section */

/* Begin PBXNativeTarget section */
		69AE05182B471D2100D0C162 /* TextIt */ = {
			isa = PBXNativeTarget;
			buildConfigurationList = 69AE05302B471D2200D0C162 /* Build configuration list for PBXNativeTarget "TextIt" */;
			buildPhases = (
				69AE05152B471D2100D0C162 /* Sources */,
				69AE05162B471D2100D0C162 /* Frameworks */,
				69AE05172B471D2100D0C162 /* Resources */,
			);
			buildRules = (
			);
			dependencies = (
			);
			name = TextIt;
			productName = TextIt;
			productReference = 69AE05192B471D2100D0C162 /* TextIt.app */;
			productType = "com.apple.product-type.application";
		};
/* End PBXNativeTarget section */

/* Begin PBXProject section */
		69AE05112B471D2100D0C162 /* Project object */ = {
			isa = PBXProject;
			attributes = {
				BuildIndependentTargetsInParallel = 1;
				LastSwiftUpdateCheck = 1510;
				LastUpgradeCheck = 1510;
				TargetAttributes = {
					69AE05182B471D2100D0C162 = {
						CreatedOnToolsVersion = 15.1;
					};
				};
			};
			buildConfigurationList = 69AE05142B471D2100D0C162 /* Build configuration list for PBXProject "TextIt" */;
			compatibilityVersion = "Xcode 14.0";
			developmentRegion = en;
			hasScannedForEncodings = 0;
			knownRegions = (
				en,
				Base,
			);
			mainGroup = 69AE05102B471D2100D0C162;
			productRefGroup = 69AE051A2B471D2100D0C162 /* Products */;
			projectDirPath = "";
			projectRoot = "";
			targets = (
				69AE05182B471D2100D0C162 /* TextIt */,
			);
		};
/* End PBXProject section */

/* Begin PBXResourcesBuildPhase section */
		69AE05172B471D2100D0C162 /* Resources */ = {
			isa = PBXResourcesBuildPhase;
			buildActionMask = 2147483647;
			files = (
				69AE052C2B471D2200D0C162 /* LaunchScreen.storyboard in Resources */,
				69AE05292B471D2200D0C162 /* Assets.xcassets in Resources */,
				69B29CF62B49D13000047791 /* Poppins-Regular.ttf in Resources */,
				69C8360F2B47BABA00179FB1 /* Calls.storyboard in Resources */,
				69C836132B47BAD000179FB1 /* Settings.storyboard in Resources */,
				69C19CB02B4A8AEC00410E42 /* StoriesCVC.xib in Resources */,
				69C8360D2B47BAB100179FB1 /* Message.storyboard in Resources */,
				69F1C5F22B4AF0F00001AFCF /* MesagesListTVC.xib in Resources */,
				69C836062B47B4BC00179FB1 /* TabBarView.xib in Resources */,
				699F3BA12B4DAEF900B23C15 /* CallsListTVC.xib in Resources */,
				69B29CFB2B49D17600047791 /* Poppins-Bold.ttf in Resources */,
				691749122B486DE000AB7123 /* Main.storyboard in Resources */,
				6917490A2B48690B00AB7123 /* Poppins-Medium.ttf in Resources */,
				69C836112B47BAC800179FB1 /* Contact.storyboard in Resources */,
				69B29CFC2B49D17600047791 /* Poppins-Light.ttf in Resources */,
				69B29CFA2B49D17600047791 /* Poppins-Black.ttf in Resources */,
				691749202B4871C900AB7123 /* ButtonsTVC.xib in Resources */,
				691749222B4871C900AB7123 /* SocialTVC.xib in Resources */,
				691749232B4871C900AB7123 /* TextFieldTVC.xib in Resources */,
			);
			runOnlyForDeploymentPostprocessing = 0;
		};
/* End PBXResourcesBuildPhase section */

/* Begin PBXSourcesBuildPhase section */
		69AE05152B471D2100D0C162 /* Sources */ = {
			isa = PBXSourcesBuildPhase;
			buildActionMask = 2147483647;
			files = (
				691749142B486DE000AB7123 /* EntryModel.swift in Sources */,
				691749152B486DE000AB7123 /* SplashVC.swift in Sources */,
				691749162B486DE000AB7123 /* WalkThroughVC.swift in Sources */,
				691749242B4871C900AB7123 /* TextFieldTVC.swift in Sources */,
				691749132B486DE000AB7123 /* SignupVC.swift in Sources */,
				69C19CAB2B4A7AFE00410E42 /* MessagesVC.swift in Sources */,
				69B29CF12B49C5F100047791 /* AboutMeTVC.swift in Sources */,
				691749212B4871C900AB7123 /* ButtonsTVC.swift in Sources */,
				69B448D02B4C707D001FE841 /* CallsVC.swift in Sources */,
				69C19CAF2B4A8AEC00410E42 /* StoriesCVC.swift in Sources */,
				69C8360A2B47B51500179FB1 /* Extention UIVIew.swift in Sources */,
				699F3BA02B4DAEF900B23C15 /* CallsListTVC.swift in Sources */,
				694A1ACD2B49D8E300BC771A /* KPNavigationViewController.swift in Sources */,
				69C836042B47B47C00179FB1 /* KpTabBarVC.swift in Sources */,
				69B448D62B4C7348001FE841 /* SettingsVC.swift in Sources */,
				69AE05272B471D2100D0C162 /* TextIt.xcdatamodeld in Sources */,
				69B448D32B4C71B8001FE841 /* ContactsVC.swift in Sources */,
				691749172B486DE000AB7123 /* ParentVC.swift in Sources */,
				69B29CF42B49C6F800047791 /* RoundedButton.swift in Sources */,
				691749182B486DE000AB7123 /* LoginVC.swift in Sources */,
				69F1C5F12B4AF0F00001AFCF /* MesagesListTVC.swift in Sources */,
				69AE051D2B471D2100D0C162 /* AppDelegate.swift in Sources */,
				69AE051F2B471D2100D0C162 /* SceneDelegate.swift in Sources */,
				6917491F2B4871C900AB7123 /* SocialTVC.swift in Sources */,
				69C836082B47B4FF00179FB1 /* Constants.swift in Sources */,
				69C19CB42B4A8F2800410E42 /* RoundedView.swift in Sources */,
				69C19CB22B4A8E5100410E42 /* RoundedImageView.swift in Sources */,
			);
			runOnlyForDeploymentPostprocessing = 0;
		};
/* End PBXSourcesBuildPhase section */

/* Begin PBXVariantGroup section */
		69AE052A2B471D2200D0C162 /* LaunchScreen.storyboard */ = {
			isa = PBXVariantGroup;
			children = (
				69AE052B2B471D2200D0C162 /* Base */,
			);
			name = LaunchScreen.storyboard;
			sourceTree = "<group>";
		};
/* End PBXVariantGroup section */

/* Begin XCBuildConfiguration section */
		69AE052E2B471D2200D0C162 /* Debug */ = {
			isa = XCBuildConfiguration;
			buildSettings = {
				ALWAYS_SEARCH_USER_PATHS = NO;
				ASSETCATALOG_COMPILER_GENERATE_SWIFT_ASSET_SYMBOL_EXTENSIONS = YES;
				CLANG_ANALYZER_NONNULL = YES;
				CLANG_ANALYZER_NUMBER_OBJECT_CONVERSION = YES_AGGRESSIVE;
				CLANG_CXX_LANGUAGE_STANDARD = "gnu++20";
				CLANG_ENABLE_MODULES = YES;
				CLANG_ENABLE_OBJC_ARC = YES;
				CLANG_ENABLE_OBJC_WEAK = YES;
				CLANG_WARN_BLOCK_CAPTURE_AUTORELEASING = YES;
				CLANG_WARN_BOOL_CONVERSION = YES;
				CLANG_WARN_COMMA = YES;
				CLANG_WARN_CONSTANT_CONVERSION = YES;
				CLANG_WARN_DEPRECATED_OBJC_IMPLEMENTATIONS = YES;
				CLANG_WARN_DIRECT_OBJC_ISA_USAGE = YES_ERROR;
				CLANG_WARN_DOCUMENTATION_COMMENTS = YES;
				CLANG_WARN_EMPTY_BODY = YES;
				CLANG_WARN_ENUM_CONVERSION = YES;
				CLANG_WARN_INFINITE_RECURSION = YES;
				CLANG_WARN_INT_CONVERSION = YES;
				CLANG_WARN_NON_LITERAL_NULL_CONVERSION = YES;
				CLANG_WARN_OBJC_IMPLICIT_RETAIN_SELF = YES;
				CLANG_WARN_OBJC_LITERAL_CONVERSION = YES;
				CLANG_WARN_OBJC_ROOT_CLASS = YES_ERROR;
				CLANG_WARN_QUOTED_INCLUDE_IN_FRAMEWORK_HEADER = YES;
				CLANG_WARN_RANGE_LOOP_ANALYSIS = YES;
				CLANG_WARN_STRICT_PROTOTYPES = YES;
				CLANG_WARN_SUSPICIOUS_MOVE = YES;
				CLANG_WARN_UNGUARDED_AVAILABILITY = YES_AGGRESSIVE;
				CLANG_WARN_UNREACHABLE_CODE = YES;
				CLANG_WARN__DUPLICATE_METHOD_MATCH = YES;
				COPY_PHASE_STRIP = NO;
				DEBUG_INFORMATION_FORMAT = dwarf;
				ENABLE_STRICT_OBJC_MSGSEND = YES;
				ENABLE_TESTABILITY = YES;
				ENABLE_USER_SCRIPT_SANDBOXING = YES;
				GCC_C_LANGUAGE_STANDARD = gnu17;
				GCC_DYNAMIC_NO_PIC = NO;
				GCC_NO_COMMON_BLOCKS = YES;
				GCC_OPTIMIZATION_LEVEL = 0;
				GCC_PREPROCESSOR_DEFINITIONS = (
					"DEBUG=1",
					"$(inherited)",
				);
				GCC_WARN_64_TO_32_BIT_CONVERSION = YES;
				GCC_WARN_ABOUT_RETURN_TYPE = YES_ERROR;
				GCC_WARN_UNDECLARED_SELECTOR = YES;
				GCC_WARN_UNINITIALIZED_AUTOS = YES_AGGRESSIVE;
				GCC_WARN_UNUSED_FUNCTION = YES;
				GCC_WARN_UNUSED_VARIABLE = YES;
				IPHONEOS_DEPLOYMENT_TARGET = 17.2;
				LOCALIZATION_PREFERS_STRING_CATALOGS = YES;
				MTL_ENABLE_DEBUG_INFO = INCLUDE_SOURCE;
				MTL_FAST_MATH = YES;
				ONLY_ACTIVE_ARCH = YES;
				SDKROOT = iphoneos;
				SWIFT_ACTIVE_COMPILATION_CONDITIONS = "DEBUG $(inherited)";
				SWIFT_OPTIMIZATION_LEVEL = "-Onone";
			};
			name = Debug;
		};
		69AE052F2B471D2200D0C162 /* Release */ = {
			isa = XCBuildConfiguration;
			buildSettings = {
				ALWAYS_SEARCH_USER_PATHS = NO;
				ASSETCATALOG_COMPILER_GENERATE_SWIFT_ASSET_SYMBOL_EXTENSIONS = YES;
				CLANG_ANALYZER_NONNULL = YES;
				CLANG_ANALYZER_NUMBER_OBJECT_CONVERSION = YES_AGGRESSIVE;
				CLANG_CXX_LANGUAGE_STANDARD = "gnu++20";
				CLANG_ENABLE_MODULES = YES;
				CLANG_ENABLE_OBJC_ARC = YES;
				CLANG_ENABLE_OBJC_WEAK = YES;
				CLANG_WARN_BLOCK_CAPTURE_AUTORELEASING = YES;
				CLANG_WARN_BOOL_CONVERSION = YES;
				CLANG_WARN_COMMA = YES;
				CLANG_WARN_CONSTANT_CONVERSION = YES;
				CLANG_WARN_DEPRECATED_OBJC_IMPLEMENTATIONS = YES;
				CLANG_WARN_DIRECT_OBJC_ISA_USAGE = YES_ERROR;
				CLANG_WARN_DOCUMENTATION_COMMENTS = YES;
				CLANG_WARN_EMPTY_BODY = YES;
				CLANG_WARN_ENUM_CONVERSION = YES;
				CLANG_WARN_INFINITE_RECURSION = YES;
				CLANG_WARN_INT_CONVERSION = YES;
				CLANG_WARN_NON_LITERAL_NULL_CONVERSION = YES;
				CLANG_WARN_OBJC_IMPLICIT_RETAIN_SELF = YES;
				CLANG_WARN_OBJC_LITERAL_CONVERSION = YES;
				CLANG_WARN_OBJC_ROOT_CLASS = YES_ERROR;
				CLANG_WARN_QUOTED_INCLUDE_IN_FRAMEWORK_HEADER = YES;
				CLANG_WARN_RANGE_LOOP_ANALYSIS = YES;
				CLANG_WARN_STRICT_PROTOTYPES = YES;
				CLANG_WARN_SUSPICIOUS_MOVE = YES;
				CLANG_WARN_UNGUARDED_AVAILABILITY = YES_AGGRESSIVE;
				CLANG_WARN_UNREACHABLE_CODE = YES;
				CLANG_WARN__DUPLICATE_METHOD_MATCH = YES;
				COPY_PHASE_STRIP = NO;
				DEBUG_INFORMATION_FORMAT = "dwarf-with-dsym";
				ENABLE_NS_ASSERTIONS = NO;
				ENABLE_STRICT_OBJC_MSGSEND = YES;
				ENABLE_USER_SCRIPT_SANDBOXING = YES;
				GCC_C_LANGUAGE_STANDARD = gnu17;
				GCC_NO_COMMON_BLOCKS = YES;
				GCC_WARN_64_TO_32_BIT_CONVERSION = YES;
				GCC_WARN_ABOUT_RETURN_TYPE = YES_ERROR;
				GCC_WARN_UNDECLARED_SELECTOR = YES;
				GCC_WARN_UNINITIALIZED_AUTOS = YES_AGGRESSIVE;
				GCC_WARN_UNUSED_FUNCTION = YES;
				GCC_WARN_UNUSED_VARIABLE = YES;
				IPHONEOS_DEPLOYMENT_TARGET = 17.2;
				LOCALIZATION_PREFERS_STRING_CATALOGS = YES;
				MTL_ENABLE_DEBUG_INFO = NO;
				MTL_FAST_MATH = YES;
				SDKROOT = iphoneos;
				SWIFT_COMPILATION_MODE = wholemodule;
				VALIDATE_PRODUCT = YES;
			};
			name = Release;
		};
		69AE05312B471D2200D0C162 /* Debug */ = {
			isa = XCBuildConfiguration;
			buildSettings = {
				ASSETCATALOG_COMPILER_APPICON_NAME = AppIcon;
				ASSETCATALOG_COMPILER_GLOBAL_ACCENT_COLOR_NAME = AccentColor;
				CODE_SIGN_STYLE = Automatic;
				CURRENT_PROJECT_VERSION = 1;
				DEVELOPMENT_TEAM = SM7BJ7U49V;
				GENERATE_INFOPLIST_FILE = YES;
				INFOPLIST_FILE = TextIt/Info.plist;
				INFOPLIST_KEY_UIApplicationSupportsIndirectInputEvents = YES;
				INFOPLIST_KEY_UILaunchStoryboardName = LaunchScreen;
				INFOPLIST_KEY_UIMainStoryboardFile = Main;
				INFOPLIST_KEY_UISupportedInterfaceOrientations_iPad = "UIInterfaceOrientationPortrait UIInterfaceOrientationPortraitUpsideDown UIInterfaceOrientationLandscapeLeft UIInterfaceOrientationLandscapeRight";
				INFOPLIST_KEY_UISupportedInterfaceOrientations_iPhone = "UIInterfaceOrientationPortrait UIInterfaceOrientationLandscapeLeft UIInterfaceOrientationLandscapeRight";
				LD_RUNPATH_SEARCH_PATHS = (
					"$(inherited)",
					"@executable_path/Frameworks",
				);
				MARKETING_VERSION = 1.0;
				PRODUCT_BUNDLE_IDENTIFIER = com.subhranshu.TextIt;
				PRODUCT_NAME = "$(TARGET_NAME)";
				SWIFT_EMIT_LOC_STRINGS = YES;
				SWIFT_VERSION = 5.0;
				TARGETED_DEVICE_FAMILY = "1,2";
			};
			name = Debug;
		};
		69AE05322B471D2200D0C162 /* Release */ = {
			isa = XCBuildConfiguration;
			buildSettings = {
				ASSETCATALOG_COMPILER_APPICON_NAME = AppIcon;
				ASSETCATALOG_COMPILER_GLOBAL_ACCENT_COLOR_NAME = AccentColor;
				CODE_SIGN_STYLE = Automatic;
				CURRENT_PROJECT_VERSION = 1;
				DEVELOPMENT_TEAM = SM7BJ7U49V;
				GENERATE_INFOPLIST_FILE = YES;
				INFOPLIST_FILE = TextIt/Info.plist;
				INFOPLIST_KEY_UIApplicationSupportsIndirectInputEvents = YES;
				INFOPLIST_KEY_UILaunchStoryboardName = LaunchScreen;
				INFOPLIST_KEY_UIMainStoryboardFile = Main;
				INFOPLIST_KEY_UISupportedInterfaceOrientations_iPad = "UIInterfaceOrientationPortrait UIInterfaceOrientationPortraitUpsideDown UIInterfaceOrientationLandscapeLeft UIInterfaceOrientationLandscapeRight";
				INFOPLIST_KEY_UISupportedInterfaceOrientations_iPhone = "UIInterfaceOrientationPortrait UIInterfaceOrientationLandscapeLeft UIInterfaceOrientationLandscapeRight";
				LD_RUNPATH_SEARCH_PATHS = (
					"$(inherited)",
					"@executable_path/Frameworks",
				);
				MARKETING_VERSION = 1.0;
				PRODUCT_BUNDLE_IDENTIFIER = com.subhranshu.TextIt;
				PRODUCT_NAME = "$(TARGET_NAME)";
				SWIFT_EMIT_LOC_STRINGS = YES;
				SWIFT_VERSION = 5.0;
				TARGETED_DEVICE_FAMILY = "1,2";
			};
			name = Release;
		};
/* End XCBuildConfiguration section */

/* Begin XCConfigurationList section */
		69AE05142B471D2100D0C162 /* Build configuration list for PBXProject "TextIt" */ = {
			isa = XCConfigurationList;
			buildConfigurations = (
				69AE052E2B471D2200D0C162 /* Debug */,
				69AE052F2B471D2200D0C162 /* Release */,
			);
			defaultConfigurationIsVisible = 0;
			defaultConfigurationName = Release;
		};
		69AE05302B471D2200D0C162 /* Build configuration list for PBXNativeTarget "TextIt" */ = {
			isa = XCConfigurationList;
			buildConfigurations = (
				69AE05312B471D2200D0C162 /* Debug */,
				69AE05322B471D2200D0C162 /* Release */,
			);
			defaultConfigurationIsVisible = 0;
			defaultConfigurationName = Release;
		};
/* End XCConfigurationList section */

/* Begin XCVersionGroup section */
		69AE05252B471D2100D0C162 /* TextIt.xcdatamodeld */ = {
			isa = XCVersionGroup;
			children = (
				69AE05262B471D2100D0C162 /* TextIt.xcdatamodel */,
			);
			currentVersion = 69AE05262B471D2100D0C162 /* TextIt.xcdatamodel */;
			path = TextIt.xcdatamodeld;
			sourceTree = "<group>";
			versionGroupType = wrapper.xcdatamodel;
		};
/* End XCVersionGroup section */
	};
	rootObject = 69AE05112B471D2100D0C162 /* Project object */;
}
